
Microsoft Visual Studio Solution File, Format Version 12.00
# Visual Studio 15
VisualStudioVersion = 15.0.26403.7
MinimumVisualStudioVersion = 10.0.40219.1
Project("{2150E333-8FDC-42A3-9474-1A3956D46DE8}") = "Data", "Data", "{DB39AE51-AD6A-48F9-A75A-49499548FA06}"
EndProject
Project("{2150E333-8FDC-42A3-9474-1A3956D46DE8}") = "Services", "Services", "{4086A2A9-D271-43C5-8831-87871092E5F2}"
EndProject
Project("{2150E333-8FDC-42A3-9474-1A3956D46DE8}") = "Web", "Web", "{A0A64C1B-0AA3-4640-853D-AE07DA85D276}"
EndProject
Project("{FAE04EC0-301F-11D3-BF4B-00C04F79EFBC}") = "FSS.Web", "Web\FSS.Web\FSS.Web.csproj", "{B19D69EB-F62A-4AE3-BC1A-7865EAE7DF5B}"
EndProject
Project("{FAE04EC0-301F-11D3-BF4B-00C04F79EFBC}") = "FSS.Data", "Data\FSS.Data\FSS.Data.csproj", "{A5C61479-74AB-42F9-9222-E12665517221}"
EndProject
Project("{FAE04EC0-301F-11D3-BF4B-00C04F79EFBC}") = "FSS.Data.Shared", "Data\FSS.Data.Shared\FSS.Data.Shared.csproj", "{8873159D-5769-4721-9FEA-3052FDCB4C6F}"
EndProject
Project("{FAE04EC0-301F-11D3-BF4B-00C04F79EFBC}") = "FSS.Data.Models", "Data\FSS.Data.Models\FSS.Data.Models.csproj", "{7FEF46C3-CE3A-47C3-A918-34D3FF4F9D07}"
EndProject
Project("{FAE04EC0-301F-11D3-BF4B-00C04F79EFBC}") = "FSS.Services", "Services\FSS.Services\FSS.Services.csproj", "{155DDFDA-2CB8-488E-8864-F92E5D8084DE}"
EndProject
Global
	GlobalSection(SolutionConfigurationPlatforms) = preSolution
		Debug|Any CPU = Debug|Any CPU
		Release|Any CPU = Release|Any CPU
	EndGlobalSection
	GlobalSection(ProjectConfigurationPlatforms) = postSolution
		{B19D69EB-F62A-4AE3-BC1A-7865EAE7DF5B}.Debug|Any CPU.ActiveCfg = Debug|Any CPU
		{B19D69EB-F62A-4AE3-BC1A-7865EAE7DF5B}.Debug|Any CPU.Build.0 = Debug|Any CPU
		{B19D69EB-F62A-4AE3-BC1A-7865EAE7DF5B}.Release|Any CPU.ActiveCfg = Release|Any CPU
		{B19D69EB-F62A-4AE3-BC1A-7865EAE7DF5B}.Release|Any CPU.Build.0 = Release|Any CPU
		{A5C61479-74AB-42F9-9222-E12665517221}.Debug|Any CPU.ActiveCfg = Debug|Any CPU
		{A5C61479-74AB-42F9-9222-E12665517221}.Debug|Any CPU.Build.0 = Debug|Any CPU
		{A5C61479-74AB-42F9-9222-E12665517221}.Release|Any CPU.ActiveCfg = Release|Any CPU
		{A5C61479-74AB-42F9-9222-E12665517221}.Release|Any CPU.Build.0 = Release|Any CPU
		{8873159D-5769-4721-9FEA-3052FDCB4C6F}.Debug|Any CPU.ActiveCfg = Debug|Any CPU
		{8873159D-5769-4721-9FEA-3052FDCB4C6F}.Debug|Any CPU.Build.0 = Debug|Any CPU
		{8873159D-5769-4721-9FEA-3052FDCB4C6F}.Release|Any CPU.ActiveCfg = Release|Any CPU
		{8873159D-5769-4721-9FEA-3052FDCB4C6F}.Release|Any CPU.Build.0 = Release|Any CPU
		{7FEF46C3-CE3A-47C3-A918-34D3FF4F9D07}.Debug|Any CPU.ActiveCfg = Debug|Any CPU
		{7FEF46C3-CE3A-47C3-A918-34D3FF4F9D07}.Debug|Any CPU.Build.0 = Debug|Any CPU
		{7FEF46C3-CE3A-47C3-A918-34D3FF4F9D07}.Release|Any CPU.ActiveCfg = Release|Any CPU
		{7FEF46C3-CE3A-47C3-A918-34D3FF4F9D07}.Release|Any CPU.Build.0 = Release|Any CPU
		{155DDFDA-2CB8-488E-8864-F92E5D8084DE}.Debug|Any CPU.ActiveCfg = Debug|Any CPU
		{155DDFDA-2CB8-488E-8864-F92E5D8084DE}.Debug|Any CPU.Build.0 = Debug|Any CPU
		{155DDFDA-2CB8-488E-8864-F92E5D8084DE}.Release|Any CPU.ActiveCfg = Release|Any CPU
		{155DDFDA-2CB8-488E-8864-F92E5D8084DE}.Release|Any CPU.Build.0 = Release|Any CPU
	EndGlobalSection
	GlobalSection(SolutionProperties) = preSolution
		HideSolutionNode = FALSE
	EndGlobalSection
	GlobalSection(NestedProjects) = preSolution
		{B19D69EB-F62A-4AE3-BC1A-7865EAE7DF5B} = {A0A64C1B-0AA3-4640-853D-AE07DA85D276}
		{A5C61479-74AB-42F9-9222-E12665517221} = {DB39AE51-AD6A-48F9-A75A-49499548FA06}
		{8873159D-5769-4721-9FEA-3052FDCB4C6F} = {DB39AE51-AD6A-48F9-A75A-49499548FA06}
		{7FEF46C3-CE3A-47C3-A918-34D3FF4F9D07} = {DB39AE51-AD6A-48F9-A75A-49499548FA06}
		{155DDFDA-2CB8-488E-8864-F92E5D8084DE} = {4086A2A9-D271-43C5-8831-87871092E5F2}
	EndGlobalSection
EndGlobal
